PODS:
  - FunNet (0.0.1):
    - LithoOperators
    - OHHTTPStubs/Swift
  - LithoOperators (0.0.2):
    - Prelude
  - OHHTTPStubs/Core (6.1.0)
  - OHHTTPStubs/Default (6.1.0):
    - OHHTTPStubs/Core
    - OHHTTPStubs/JSON
    - OHHTTPStubs/NSURLSession
    - OHHTTPStubs/OHPathHelpers
  - OHHTTPStubs/JSON (6.1.0):
    - OHHTTPStubs/Core
  - OHHTTPStubs/NSURLSession (6.1.0):
    - OHHTTPStubs/Core
  - OHHTTPStubs/OHPathHelpers (6.1.0)
  - OHHTTPStubs/Swift (6.1.0):
    - OHHTTPStubs/Default
  - Prelude (3.0.0)

DEPENDENCIES:
  - FunNet (from `../`)

SPEC REPOS:
  https://github.com/cocoapods/specs.git:
    - LithoOperators
    - OHHTTPStubs
    - Prelude

EXTERNAL SOURCES:
  FunNet:
    :path: "../"

SPEC CHECKSUMS:
  FunNet: 782eb82ce25a8a0499eef8533edbc192817a0b33
  LithoOperators: 8a4f284d8c10cb02b28af87c18494ba225345419
  OHHTTPStubs: 1e21c7d2c084b8153fc53d48400d8919d2d432d0
  Prelude: fe4cc0fd961d34edf48fe6b04d05c863449efb0a

PODFILE CHECKSUM: 7cb893b39fb1b5800d66e86e4732dc00ae9870e4

COCOAPODS: 1.7.2
