PODS:
  - FunNet (0.1.1):
    - FunNet/Combine (= 0.1.1)
    - FunNet/Core (= 0.1.1)
    - FunNet/Multipart (= 0.1.1)
    - FunNet/ReactiveSwift (= 0.1.1)
    - LithoOperators
  - FunNet/Core (0.1.1):
    - LithoOperators
  - FunNet/Multipart (0.1.1):
    - LithoOperators
  - FunNet/ReactiveSwift (0.1.1):
    - FunNet/Core
    - LithoOperators
    - ReactiveSwift
  - LithoOperators (0.1.4):
    - Prelude
  - Prelude (3.0.0)
  - ReactiveSwift (6.6.1)

DEPENDENCIES:
  - FunNet (from `../`)
  - LithoOperators (from `https://github.com/LithoByte/LithoOperators`, commit `7fd36e0aa41aad4c292eda7de76a859c961f16a7`)

SPEC REPOS:
  trunk:
    - Prelude
    - ReactiveSwift

EXTERNAL SOURCES:
  FunNet:
    :path: "../"
  LithoOperators:
    :commit: 7fd36e0aa41aad4c292eda7de76a859c961f16a7
    :git: https://github.com/LithoByte/LithoOperators

CHECKOUT OPTIONS:
  LithoOperators:
    :commit: 7fd36e0aa41aad4c292eda7de76a859c961f16a7
    :git: https://github.com/LithoByte/LithoOperators

SPEC CHECKSUMS:
  FunNet: e66d2df77a5663556970a1914c5911ecde2842ef
  LithoOperators: 8fc0c6a49e34a8d1ca01b777844f58e36c062d9f
  Prelude: fe4cc0fd961d34edf48fe6b04d05c863449efb0a
  ReactiveSwift: fab34244ad908808dc822bae352a058c8837c4ca

PODFILE CHECKSUM: 02e13a6cbf1cccb09c37a253e81f23c8d7201a60

COCOAPODS: 1.10.0
