{
  "object": {
    "pins": [
      {
        "package": "combine-schedulers",
        "repositoryURL": "https://github.com/pointfreeco/combine-schedulers",
        "state": {
          "branch": null,
          "revision": "dcccb979a2183b8df3334237e3dc1ae2b4116a86",
          "version": "1.2.0"
        }
      },
      {
        "package": "fuikit",
        "repositoryURL": "https://github.com/LithoByte/fuikit",
        "state": {
          "branch": "master",
          "revision": "e7585671c98024f7c03a76de27bea5b99cc46e5c",
          "version": null
        }
      },
      {
        "package": "LithoUtils/Post13",
        "repositoryURL": "https://github.com/LithoByte/litho-utils",
        "state": {
          "branch": "cjc8/spm",
          "revision": "215df1850f937498f83111fe8b374b86aac88c32",
          "version": null
        }
      },
      {
        "package": "LithoOperators",
        "repositoryURL": "https://github.com/LithoByte/LithoOperators.git",
        "state": {
          "branch": "master",
          "revision": "518f40dd4c8e347b416bbe8faa96114f9eb09a3b",
          "version": null
        }
      },
      {
        "package": "Prelude",
        "repositoryURL": "https://github.com/ThryvInc/Prelude",
        "state": {
          "branch": null,
          "revision": "f2950ab5fc6f099c3887efa686cbe086fc2cf687",
          "version": null
        }
      },
      {
        "package": "Slippers",
        "repositoryURL": "https://github.com/LithoByte/slippers",
        "state": {
          "branch": "cjc8/spm",
          "revision": "9c534014dfe8b066843edcf63552b08e546b8832",
          "version": null
        }
      },
      {
        "package": "swift-case-paths",
        "repositoryURL": "https://github.com/pointfreeco/swift-case-paths",
        "state": {
          "branch": null,
          "revision": "206cbce3882b4de9aee19ce62ac5b7306cadd45b",
          "version": "1.7.3"
        }
      },
      {
        "package": "swift-clocks",
        "repositoryURL": "https://github.com/pointfreeco/swift-clocks",
        "state": {
          "branch": null,
          "revision": "cc46202b53476d64e824e0b6612da09d84ffde8e",
          "version": "1.0.6"
        }
      },
      {
        "package": "swift-collections",
        "repositoryURL": "https://github.com/apple/swift-collections",
        "state": {
          "branch": null,
          "revision": "6675bc0ff86e61436e615df6fc5174e043e57924",
          "version": "1.4.1"
        }
      },
      {
        "package": "swift-composable-architecture",
        "repositoryURL": "https://github.com/pointfreeco/swift-composable-architecture",
        "state": {
          "branch": "observation-beta",
          "revision": "75ca805f2889428ccc033f6e0c7856f6257789dc",
          "version": null
        }
      },
      {
        "package": "swift-concurrency-extras",
        "repositoryURL": "https://github.com/pointfreeco/swift-concurrency-extras",
        "state": {
          "branch": null,
          "revision": "5a3825302b1a0d744183200915a47b508c828e6f",
          "version": "1.3.2"
        }
      },
      {
        "package": "swift-custom-dump",
        "repositoryURL": "https://github.com/pointfreeco/swift-custom-dump",
        "state": {
          "branch": null,
          "revision": "06c57924455064182d6b217f06ebc05d00cb2990",
          "version": "1.5.0"
        }
      },
      {
        "package": "swift-dependencies",
        "repositoryURL": "https://github.com/pointfreeco/swift-dependencies",
        "state": {
          "branch": null,
          "revision": "706feb7858a7f6c242879d137b8ee30926aa5b26",
          "version": "1.12.0"
        }
      },
      {
        "package": "swift-identified-collections",
        "repositoryURL": "https://github.com/pointfreeco/swift-identified-collections",
        "state": {
          "branch": null,
          "revision": "322d9ffeeba85c9f7c4984b39422ec7cc3c56597",
          "version": "1.1.1"
        }
      },
      {
        "package": "swift-perception",
        "repositoryURL": "https://github.com/pointfreeco/swift-perception",
        "state": {
          "branch": null,
          "revision": "d924c62a70fca5f43872f286dbd7cef0957f1c01",
          "version": "1.6.0"
        }
      },
      {
        "package": "swift-syntax",
        "repositoryURL": "https://github.com/apple/swift-syntax",
        "state": {
          "branch": null,
          "revision": "64889f0c732f210a935a0ad7cda38f77f876262d",
          "version": "509.1.1"
        }
      },
      {
        "package": "swiftui-navigation",
        "repositoryURL": "https://github.com/pointfreeco/swiftui-navigation",
        "state": {
          "branch": null,
          "revision": "e628806aeaa9efe25c1abcd97931a7c498fab281",
          "version": "1.5.5"
        }
      },
      {
        "package": "xctest-dynamic-overlay",
        "repositoryURL": "https://github.com/pointfreeco/xctest-dynamic-overlay",
        "state": {
          "branch": null,
          "revision": "dfd70507def84cb5fb821278448a262c6ff2bbad",
          "version": "1.9.0"
        }
      }
    ]
  },
  "version": 1
}
